
Microsoft Visual Studio Solution File, Format Version 12.00
# Visual Studio Version 17
VisualStudioVersion = 17.7.34031.279
MinimumVisualStudioVersion = 10.0.40219.1
Project("{FAE04EC0-301F-11D3-BF4B-00C04F79EFBC}") = "Aumento de Salario", "Aumento de Salario\Aumento de Salario.csproj", "{8A2377C9-C8F5-4919-AF90-50E5BC83D780}"
EndProject
Global
	GlobalSection(SolutionConfigurationPlatforms) = preSolution
		Debug|Any CPU = Debug|Any CPU
		Release|Any CPU = Release|Any CPU
	EndGlobalSection
	GlobalSection(ProjectConfigurationPlatforms) = postSolution
		{8A2377C9-C8F5-4919-AF90-50E5BC83D780}.Debug|Any CPU.ActiveCfg = Debug|Any CPU
		{8A2377C9-C8F5-4919-AF90-50E5BC83D780}.Debug|Any CPU.Build.0 = Debug|Any CPU
		{8A2377C9-C8F5-4919-AF90-50E5BC83D780}.Release|Any CPU.ActiveCfg = Release|Any CPU
		{8A2377C9-C8F5-4919-AF90-50E5BC83D780}.Release|Any CPU.Build.0 = Release|Any CPU
	EndGlobalSection
	GlobalSection(SolutionProperties) = preSolution
		HideSolutionNode = FALSE
	EndGlobalSection
	GlobalSection(ExtensibilityGlobals) = postSolution
		SolutionGuid = {C0610C56-BB67-4F3E-9BD6-BB970BC8B10B}
	EndGlobalSection
EndGlobal
