
Microsoft Visual Studio Solution File, Format Version 12.00
# Visual Studio Version 17
VisualStudioVersion = 17.5.002.0
MinimumVisualStudioVersion = 10.0.40219.1
Project("{9A19103F-16F7-4668-BE54-9A1E7A4F7556}") = "Uri1165", "Uri1165.csproj", "{94EDE246-266D-491E-A83E-BD87160F8766}"
EndProject
Global
	GlobalSection(SolutionConfigurationPlatforms) = preSolution
		Debug|Any CPU = Debug|Any CPU
		Release|Any CPU = Release|Any CPU
	EndGlobalSection
	GlobalSection(ProjectConfigurationPlatforms) = postSolution
		{94EDE246-266D-491E-A83E-BD87160F8766}.Debug|Any CPU.ActiveCfg = Debug|Any CPU
		{94EDE246-266D-491E-A83E-BD87160F8766}.Debug|Any CPU.Build.0 = Debug|Any CPU
		{94EDE246-266D-491E-A83E-BD87160F8766}.Release|Any CPU.ActiveCfg = Release|Any CPU
		{94EDE246-266D-491E-A83E-BD87160F8766}.Release|Any CPU.Build.0 = Release|Any CPU
	EndGlobalSection
	GlobalSection(SolutionProperties) = preSolution
		HideSolutionNode = FALSE
	EndGlobalSection
	GlobalSection(ExtensibilityGlobals) = postSolution
		SolutionGuid = {DE0C20C6-9309-4378-A8B6-232727C8A60D}
	EndGlobalSection
EndGlobal
