
Microsoft Visual Studio Solution File, Format Version 12.00
# Visual Studio Version 17
VisualStudioVersion = 17.7.34018.315
MinimumVisualStudioVersion = 10.0.40219.1
Project("{FAE04EC0-301F-11D3-BF4B-00C04F79EFBC}") = "Ex003", "Ex003\Ex003.csproj", "{1C4423A4-24DD-48C7-AE4B-FCD5B0871069}"
EndProject
Global
	GlobalSection(SolutionConfigurationPlatforms) = preSolution
		Debug|Any CPU = Debug|Any CPU
		Release|Any CPU = Release|Any CPU
	EndGlobalSection
	GlobalSection(ProjectConfigurationPlatforms) = postSolution
		{1C4423A4-24DD-48C7-AE4B-FCD5B0871069}.Debug|Any CPU.ActiveCfg = Debug|Any CPU
		{1C4423A4-24DD-48C7-AE4B-FCD5B0871069}.Debug|Any CPU.Build.0 = Debug|Any CPU
		{1C4423A4-24DD-48C7-AE4B-FCD5B0871069}.Release|Any CPU.ActiveCfg = Release|Any CPU
		{1C4423A4-24DD-48C7-AE4B-FCD5B0871069}.Release|Any CPU.Build.0 = Release|Any CPU
	EndGlobalSection
	GlobalSection(SolutionProperties) = preSolution
		HideSolutionNode = FALSE
	EndGlobalSection
	GlobalSection(ExtensibilityGlobals) = postSolution
		SolutionGuid = {8B1C24CD-1C83-48E7-B737-A3BAC4F004A5}
	EndGlobalSection
EndGlobal
