
Microsoft Visual Studio Solution File, Format Version 12.00
# Visual Studio Version 17
VisualStudioVersion = 17.7.34018.315
MinimumVisualStudioVersion = 10.0.40219.1
Project("{FAE04EC0-301F-11D3-BF4B-00C04F79EFBC}") = "Ex014", "Ex014\Ex014.csproj", "{2FE9AA00-F21B-43E3-BDB0-E938A4FCD4A5}"
EndProject
Global
	GlobalSection(SolutionConfigurationPlatforms) = preSolution
		Debug|Any CPU = Debug|Any CPU
		Release|Any CPU = Release|Any CPU
	EndGlobalSection
	GlobalSection(ProjectConfigurationPlatforms) = postSolution
		{2FE9AA00-F21B-43E3-BDB0-E938A4FCD4A5}.Debug|Any CPU.ActiveCfg = Debug|Any CPU
		{2FE9AA00-F21B-43E3-BDB0-E938A4FCD4A5}.Debug|Any CPU.Build.0 = Debug|Any CPU
		{2FE9AA00-F21B-43E3-BDB0-E938A4FCD4A5}.Release|Any CPU.ActiveCfg = Release|Any CPU
		{2FE9AA00-F21B-43E3-BDB0-E938A4FCD4A5}.Release|Any CPU.Build.0 = Release|Any CPU
	EndGlobalSection
	GlobalSection(SolutionProperties) = preSolution
		HideSolutionNode = FALSE
	EndGlobalSection
	GlobalSection(ExtensibilityGlobals) = postSolution
		SolutionGuid = {296D949D-1F76-4B59-8700-FEA4EAA9D78C}
	EndGlobalSection
EndGlobal
