
Microsoft Visual Studio Solution File, Format Version 12.00
# Visual Studio Version 17
VisualStudioVersion = 17.7.34031.279
MinimumVisualStudioVersion = 10.0.40219.1
Project("{FAE04EC0-301F-11D3-BF4B-00C04F79EFBC}") = "Lanche", "Lanche\Lanche.csproj", "{972CB6F1-CEAA-4763-9DE7-EC62DFA44D13}"
EndProject
Global
	GlobalSection(SolutionConfigurationPlatforms) = preSolution
		Debug|Any CPU = Debug|Any CPU
		Release|Any CPU = Release|Any CPU
	EndGlobalSection
	GlobalSection(ProjectConfigurationPlatforms) = postSolution
		{972CB6F1-CEAA-4763-9DE7-EC62DFA44D13}.Debug|Any CPU.ActiveCfg = Debug|Any CPU
		{972CB6F1-CEAA-4763-9DE7-EC62DFA44D13}.Debug|Any CPU.Build.0 = Debug|Any CPU
		{972CB6F1-CEAA-4763-9DE7-EC62DFA44D13}.Release|Any CPU.ActiveCfg = Release|Any CPU
		{972CB6F1-CEAA-4763-9DE7-EC62DFA44D13}.Release|Any CPU.Build.0 = Release|Any CPU
	EndGlobalSection
	GlobalSection(SolutionProperties) = preSolution
		HideSolutionNode = FALSE
	EndGlobalSection
	GlobalSection(ExtensibilityGlobals) = postSolution
		SolutionGuid = {77E2EF6A-F124-4C35-A22E-87C7A4EBC9BD}
	EndGlobalSection
EndGlobal
